
Microsoft Visual Studio Solution File, Format Version 12.00
# Visual Studio Version 17
VisualStudioVersion = 17.7.34009.444
MinimumVisualStudioVersion = 10.0.40219.1
Project("{FAE04EC0-301F-11D3-BF4B-00C04F79EFBC}") = "Proje_Hastane", "Proje_Hastane\Proje_Hastane.csproj", "{2FB41629-A2E9-4008-88C3-AFCAEB77D191}"
EndProject
Global
	GlobalSection(SolutionConfigurationPlatforms) = preSolution
		Debug|Any CPU = Debug|Any CPU
		Release|Any CPU = Release|Any CPU
	EndGlobalSection
	GlobalSection(ProjectConfigurationPlatforms) = postSolution
		{2FB41629-A2E9-4008-88C3-AFCAEB77D191}.Debug|Any CPU.ActiveCfg = Debug|Any CPU
		{2FB41629-A2E9-4008-88C3-AFCAEB77D191}.Debug|Any CPU.Build.0 = Debug|Any CPU
		{2FB41629-A2E9-4008-88C3-AFCAEB77D191}.Release|Any CPU.ActiveCfg = Release|Any CPU
		{2FB41629-A2E9-4008-88C3-AFCAEB77D191}.Release|Any CPU.Build.0 = Release|Any CPU
	EndGlobalSection
	GlobalSection(SolutionProperties) = preSolution
		HideSolutionNode = FALSE
	EndGlobalSection
	GlobalSection(ExtensibilityGlobals) = postSolution
		SolutionGuid = {298070AB-53E9-498F-9F01-40872D4F4ACA}
	EndGlobalSection
EndGlobal
